version = 1
revision = 1
requires-python = ">=3.12"

[[package]]
name = "ansicon"
version = "1.89.0"
source = { registry = "https://pypi.org/simple" }
sdist = { url = "https://files.pythonhosted.org/packages/b6/e2/1c866404ddbd280efedff4a9f15abfe943cb83cde6e895022370f3a61f85/ansicon-1.89.0.tar.gz", hash = "sha256:e4d039def5768a47e4afec8e89e83ec3ae5a26bf00ad851f914d1240b444d2b1", size = 67312 }
wheels = [
    { url = "https://files.pythonhosted.org/packages/75/f9/f1c10e223c7b56a38109a3f2eb4e7fe9a757ea3ed3a166754fb30f65e466/ansicon-1.89.0-py2.py3-none-any.whl", hash = "sha256:f1def52d17f65c2c9682cf8370c03f541f410c1752d6a14029f97318e4b9dfec", size = 63675 },
]

[[package]]
name = "blessed"
version = "1.20.0"
source = { registry = "https://pypi.org/simple" }
dependencies = [
    { name = "jinxed", marker = "sys_platform == 'win32'" },
    { name = "six" },
    { name = "wcwidth" },
]
sdist = { url = "https://files.pythonhosted.org/packages/25/ae/92e9968ad23205389ec6bd82e2d4fca3817f1cdef34e10aa8d529ef8b1d7/blessed-1.20.0.tar.gz", hash = "sha256:2cdd67f8746e048f00df47a2880f4d6acbcdb399031b604e34ba8f71d5787680", size = 6655612 }
wheels = [
    { url = "https://files.pythonhosted.org/packages/76/98/584f211c3a4bb38f2871fa937ee0cc83c130de50c955d6c7e2334dbf4acb/blessed-1.20.0-py2.py3-none-any.whl", hash = "sha256:0c542922586a265e699188e52d5f5ac5ec0dd517e5a1041d90d2bbf23f906058", size = 58372 },
]

[[package]]
name = "cffi"
version = "1.17.1"
source = { registry = "https://pypi.org/simple" }
dependencies = [
    { name = "pycparser" },
]
sdist = { url = "https://files.pythonhosted.org/packages/fc/97/c783634659c2920c3fc70419e3af40972dbaf758daa229a7d6ea6135c90d/cffi-1.17.1.tar.gz", hash = "sha256:1c39c6016c32bc48dd54561950ebd6836e1670f2ae46128f67cf49e789c52824", size = 516621 }
wheels = [
    { url = "https://files.pythonhosted.org/packages/5a/84/e94227139ee5fb4d600a7a4927f322e1d4aea6fdc50bd3fca8493caba23f/cffi-1.17.1-cp312-cp312-macosx_10_9_x86_64.whl", hash = "sha256:805b4371bf7197c329fcb3ead37e710d1bca9da5d583f5073b799d5c5bd1eee4", size = 183178 },
    { url = "https://files.pythonhosted.org/packages/da/ee/fb72c2b48656111c4ef27f0f91da355e130a923473bf5ee75c5643d00cca/cffi-1.17.1-cp312-cp312-macosx_11_0_arm64.whl", hash = "sha256:733e99bc2df47476e3848417c5a4540522f234dfd4ef3ab7fafdf555b082ec0c", size = 178840 },
    { url = "https://files.pythonhosted.org/packages/cc/b6/db007700f67d151abadf508cbfd6a1884f57eab90b1bb985c4c8c02b0f28/cffi-1.17.1-cp312-cp312-manylinux_2_12_i686.manylinux2010_i686.manylinux_2_17_i686.manylinux2014_i686.whl", hash = "sha256:1257bdabf294dceb59f5e70c64a3e2f462c30c7ad68092d01bbbfb1c16b1ba36", size = 454803 },
    { url = "https://files.pythonhosted.org/packages/1a/df/f8d151540d8c200eb1c6fba8cd0dfd40904f1b0682ea705c36e6c2e97ab3/cffi-1.17.1-cp312-cp312-manylinux_2_17_aarch64.manylinux2014_aarch64.whl", hash = "sha256:da95af8214998d77a98cc14e3a3bd00aa191526343078b530ceb0bd710fb48a5", size = 478850 },
    { url = "https://files.pythonhosted.org/packages/28/c0/b31116332a547fd2677ae5b78a2ef662dfc8023d67f41b2a83f7c2aa78b1/cffi-1.17.1-cp312-cp312-manylinux_2_17_ppc64le.manylinux2014_ppc64le.whl", hash = "sha256:d63afe322132c194cf832bfec0dc69a99fb9bb6bbd550f161a49e9e855cc78ff", size = 485729 },
    { url = "https://files.pythonhosted.org/packages/91/2b/9a1ddfa5c7f13cab007a2c9cc295b70fbbda7cb10a286aa6810338e60ea1/cffi-1.17.1-cp312-cp312-manylinux_2_17_s390x.manylinux2014_s390x.whl", hash = "sha256:f79fc4fc25f1c8698ff97788206bb3c2598949bfe0fef03d299eb1b5356ada99", size = 471256 },
    { url = "https://files.pythonhosted.org/packages/b2/d5/da47df7004cb17e4955df6a43d14b3b4ae77737dff8bf7f8f333196717bf/cffi-1.17.1-cp312-cp312-manylinux_2_17_x86_64.manylinux2014_x86_64.whl", hash = "sha256:b62ce867176a75d03a665bad002af8e6d54644fad99a3c70905c543130e39d93", size = 479424 },
    { url = "https://files.pythonhosted.org/packages/0b/ac/2a28bcf513e93a219c8a4e8e125534f4f6db03e3179ba1c45e949b76212c/cffi-1.17.1-cp312-cp312-musllinux_1_1_aarch64.whl", hash = "sha256:386c8bf53c502fff58903061338ce4f4950cbdcb23e2902d86c0f722b786bbe3", size = 484568 },
    { url = "https://files.pythonhosted.org/packages/d4/38/ca8a4f639065f14ae0f1d9751e70447a261f1a30fa7547a828ae08142465/cffi-1.17.1-cp312-cp312-musllinux_1_1_x86_64.whl", hash = "sha256:4ceb10419a9adf4460ea14cfd6bc43d08701f0835e979bf821052f1805850fe8", size = 488736 },
    { url = "https://files.pythonhosted.org/packages/86/c5/28b2d6f799ec0bdecf44dced2ec5ed43e0eb63097b0f58c293583b406582/cffi-1.17.1-cp312-cp312-win32.whl", hash = "sha256:a08d7e755f8ed21095a310a693525137cfe756ce62d066e53f502a83dc550f65", size = 172448 },
    { url = "https://files.pythonhosted.org/packages/50/b9/db34c4755a7bd1cb2d1603ac3863f22bcecbd1ba29e5ee841a4bc510b294/cffi-1.17.1-cp312-cp312-win_amd64.whl", hash = "sha256:51392eae71afec0d0c8fb1a53b204dbb3bcabcb3c9b807eedf3e1e6ccf2de903", size = 181976 },
    { url = "https://files.pythonhosted.org/packages/8d/f8/dd6c246b148639254dad4d6803eb6a54e8c85c6e11ec9df2cffa87571dbe/cffi-1.17.1-cp313-cp313-macosx_10_13_x86_64.whl", hash = "sha256:f3a2b4222ce6b60e2e8b337bb9596923045681d71e5a082783484d845390938e", size = 182989 },
    { url = "https://files.pythonhosted.org/packages/8b/f1/672d303ddf17c24fc83afd712316fda78dc6fce1cd53011b839483e1ecc8/cffi-1.17.1-cp313-cp313-macosx_11_0_arm64.whl", hash = "sha256:0984a4925a435b1da406122d4d7968dd861c1385afe3b45ba82b750f229811e2", size = 178802 },
    { url = "https://files.pythonhosted.org/packages/0e/2d/eab2e858a91fdff70533cab61dcff4a1f55ec60425832ddfdc9cd36bc8af/cffi-1.17.1-cp313-cp313-manylinux_2_12_i686.manylinux2010_i686.manylinux_2_17_i686.manylinux2014_i686.whl", hash = "sha256:d01b12eeeb4427d3110de311e1774046ad344f5b1a7403101878976ecd7a10f3", size = 454792 },
    { url = "https://files.pythonhosted.org/packages/75/b2/fbaec7c4455c604e29388d55599b99ebcc250a60050610fadde58932b7ee/cffi-1.17.1-cp313-cp313-manylinux_2_17_aarch64.manylinux2014_aarch64.whl", hash = "sha256:706510fe141c86a69c8ddc029c7910003a17353970cff3b904ff0686a5927683", size = 478893 },
    { url = "https://files.pythonhosted.org/packages/4f/b7/6e4a2162178bf1935c336d4da8a9352cccab4d3a5d7914065490f08c0690/cffi-1.17.1-cp313-cp313-manylinux_2_17_ppc64le.manylinux2014_ppc64le.whl", hash = "sha256:de55b766c7aa2e2a3092c51e0483d700341182f08e67c63630d5b6f200bb28e5", size = 485810 },
    { url = "https://files.pythonhosted.org/packages/c7/8a/1d0e4a9c26e54746dc08c2c6c037889124d4f59dffd853a659fa545f1b40/cffi-1.17.1-cp313-cp313-manylinux_2_17_s390x.manylinux2014_s390x.whl", hash = "sha256:c59d6e989d07460165cc5ad3c61f9fd8f1b4796eacbd81cee78957842b834af4", size = 471200 },
    { url = "https://files.pythonhosted.org/packages/26/9f/1aab65a6c0db35f43c4d1b4f580e8df53914310afc10ae0397d29d697af4/cffi-1.17.1-cp313-cp313-manylinux_2_17_x86_64.manylinux2014_x86_64.whl", hash = "sha256:dd398dbc6773384a17fe0d3e7eeb8d1a21c2200473ee6806bb5e6a8e62bb73dd", size = 479447 },
    { url = "https://files.pythonhosted.org/packages/5f/e4/fb8b3dd8dc0e98edf1135ff067ae070bb32ef9d509d6cb0f538cd6f7483f/cffi-1.17.1-cp313-cp313-musllinux_1_1_aarch64.whl", hash = "sha256:3edc8d958eb099c634dace3c7e16560ae474aa3803a5df240542b305d14e14ed", size = 484358 },
    { url = "https://files.pythonhosted.org/packages/f1/47/d7145bf2dc04684935d57d67dff9d6d795b2ba2796806bb109864be3a151/cffi-1.17.1-cp313-cp313-musllinux_1_1_x86_64.whl", hash = "sha256:72e72408cad3d5419375fc87d289076ee319835bdfa2caad331e377589aebba9", size = 488469 },
    { url = "https://files.pythonhosted.org/packages/bf/ee/f94057fa6426481d663b88637a9a10e859e492c73d0384514a17d78ee205/cffi-1.17.1-cp313-cp313-win32.whl", hash = "sha256:e03eab0a8677fa80d646b5ddece1cbeaf556c313dcfac435ba11f107ba117b5d", size = 172475 },
    { url = "https://files.pythonhosted.org/packages/7c/fc/6a8cb64e5f0324877d503c854da15d76c1e50eb722e320b15345c4d0c6de/cffi-1.17.1-cp313-cp313-win_amd64.whl", hash = "sha256:f6a16c31041f09ead72d69f583767292f750d24913dadacf5756b966aacb3f1a", size = 182009 },
]

[[package]]
name = "click"
version = "8.1.8"
source = { registry = "https://pypi.org/simple" }
dependencies = [
    { name = "colorama", marker = "sys_platform == 'win32'" },
]
sdist = { url = "https://files.pythonhosted.org/packages/b9/2e/0090cbf739cee7d23781ad4b89a9894a41538e4fcf4c31dcdd705b78eb8b/click-8.1.8.tar.gz", hash = "sha256:ed53c9d8990d83c2a27deae68e4ee337473f6330c040a31d4225c9574d16096a", size = 226593 }
wheels = [
    { url = "https://files.pythonhosted.org/packages/7e/d4/7ebdbd03970677812aac39c869717059dbb71a4cfc033ca6e5221787892c/click-8.1.8-py3-none-any.whl", hash = "sha256:63c132bbbed01578a06712a2d1f497bb62d9c1c0d329b7903a866228027263b2", size = 98188 },
]

[[package]]
name = "colorama"
version = "0.4.6"
source = { registry = "https://pypi.org/simple" }
sdist = { url = "https://files.pythonhosted.org/packages/d8/53/6f443c9a4a8358a93a6792e2acffb9d9d5cb0a5cfd8802644b7b1c9a02e4/colorama-0.4.6.tar.gz", hash = "sha256:08695f5cb7ed6e0531a20572697297273c47b8cae5a63ffc6d6ed5c201be6e44", size = 27697 }
wheels = [
    { url = "https://files.pythonhosted.org/packages/d1/d6/3965ed04c63042e047cb6a3e6ed1a63a35087b6a609aa3a15ed8ac56c221/colorama-0.4.6-py2.py3-none-any.whl", hash = "sha256:4f1d9991f5acc0ca119f9d443620b77f9d6b33703e51011c16baf57afb285fc6", size = 25335 },
]

[[package]]
name = "commitcli"
version = "1.5.2"
source = { editable = "." }
dependencies = [
    { name = "click" },
    { name = "inquirer" },
    { name = "loguru" },
    { name = "pendulum" },
    { name = "pygit2" },
    { name = "pymongo" },
    { name = "python-dotenv" },
]

[package.metadata]
requires-dist = [
    { name = "click" },
    { name = "inquirer" },
    { name = "loguru" },
    { name = "pendulum" },
    { name = "pygit2", specifier = "==1.13.0" },
    { name = "pymongo" },
    { name = "python-dotenv" },
]

[[package]]
name = "dnspython"
version = "2.7.0"
source = { registry = "https://pypi.org/simple" }
sdist = { url = "https://files.pythonhosted.org/packages/b5/4a/263763cb2ba3816dd94b08ad3a33d5fdae34ecb856678773cc40a3605829/dnspython-2.7.0.tar.gz", hash = "sha256:ce9c432eda0dc91cf618a5cedf1a4e142651196bbcd2c80e89ed5a907e5cfaf1", size = 345197 }
wheels = [
    { url = "https://files.pythonhosted.org/packages/68/1b/e0a87d256e40e8c888847551b20a017a6b98139178505dc7ffb96f04e954/dnspython-2.7.0-py3-none-any.whl", hash = "sha256:b4c34b7d10b51bcc3a5071e7b8dee77939f1e878477eeecc965e9835f63c6c86", size = 313632 },
]

[[package]]
name = "editor"
version = "1.6.6"
source = { registry = "https://pypi.org/simple" }
dependencies = [
    { name = "runs" },
    { name = "xmod" },
]
sdist = { url = "https://files.pythonhosted.org/packages/2a/92/734a4ab345914259cb6146fd36512608ea42be16195375c379046f33283d/editor-1.6.6.tar.gz", hash = "sha256:bb6989e872638cd119db9a4fce284cd8e13c553886a1c044c6b8d8a160c871f8", size = 3197 }
wheels = [
    { url = "https://files.pythonhosted.org/packages/1b/c2/4bc8cd09b14e28ce3f406a8b05761bed0d785d1ca8c2a5c6684d884c66a2/editor-1.6.6-py3-none-any.whl", hash = "sha256:e818e6913f26c2a81eadef503a2741d7cca7f235d20e217274a009ecd5a74abf", size = 4017 },
]

[[package]]
name = "inquirer"
version = "3.4.0"
source = { registry = "https://pypi.org/simple" }
dependencies = [
    { name = "blessed" },
    { name = "editor" },
    { name = "readchar" },
]
sdist = { url = "https://files.pythonhosted.org/packages/f3/06/ef91eb8f3feafb736aa33dcb278fc9555d17861aa571b684715d095db24d/inquirer-3.4.0.tar.gz", hash = "sha256:8edc99c076386ee2d2204e5e3653c2488244e82cb197b2d498b3c1b5ffb25d0b", size = 14472 }
wheels = [
    { url = "https://files.pythonhosted.org/packages/a4/b2/be907c8c0f8303bc4b10089f5470014c3bf3521e9b8d3decf3037fd94725/inquirer-3.4.0-py3-none-any.whl", hash = "sha256:bb0ec93c833e4ce7b51b98b1644b0a4d2bb39755c39787f6a504e4fee7a11b60", size = 18077 },
]

[[package]]
name = "jinxed"
version = "1.3.0"
source = { registry = "https://pypi.org/simple" }
dependencies = [
    { name = "ansicon", marker = "sys_platform == 'win32'" },
]
sdist = { url = "https://files.pythonhosted.org/packages/20/d0/59b2b80e7a52d255f9e0ad040d2e826342d05580c4b1d7d7747cfb8db731/jinxed-1.3.0.tar.gz", hash = "sha256:1593124b18a41b7a3da3b078471442e51dbad3d77b4d4f2b0c26ab6f7d660dbf", size = 80981 }
wheels = [
    { url = "https://files.pythonhosted.org/packages/27/e3/0e0014d6ab159d48189e92044ace13b1e1fe9aa3024ba9f4e8cf172aa7c2/jinxed-1.3.0-py2.py3-none-any.whl", hash = "sha256:b993189f39dc2d7504d802152671535b06d380b26d78070559551cbf92df4fc5", size = 33085 },
]

[[package]]
name = "loguru"
version = "0.7.3"
source = { registry = "https://pypi.org/simple" }
dependencies = [
    { name = "colorama", marker = "sys_platform == 'win32'" },
    { name = "win32-setctime", marker = "sys_platform == 'win32'" },
]
sdist = { url = "https://files.pythonhosted.org/packages/3a/05/a1dae3dffd1116099471c643b8924f5aa6524411dc6c63fdae648c4f1aca/loguru-0.7.3.tar.gz", hash = "sha256:19480589e77d47b8d85b2c827ad95d49bf31b0dcde16593892eb51dd18706eb6", size = 63559 }
wheels = [
    { url = "https://files.pythonhosted.org/packages/0c/29/0348de65b8cc732daa3e33e67806420b2ae89bdce2b04af740289c5c6c8c/loguru-0.7.3-py3-none-any.whl", hash = "sha256:31a33c10c8e1e10422bfd431aeb5d351c7cf7fa671e3c4df004162264b28220c", size = 61595 },
]

[[package]]
name = "pendulum"
version = "3.0.0"
source = { registry = "https://pypi.org/simple" }
dependencies = [
    { name = "python-dateutil" },
    { name = "time-machine", marker = "implementation_name != 'pypy'" },
    { name = "tzdata" },
]
sdist = { url = "https://files.pythonhosted.org/packages/b8/fe/27c7438c6ac8b8f8bef3c6e571855602ee784b85d072efddfff0ceb1cd77/pendulum-3.0.0.tar.gz", hash = "sha256:5d034998dea404ec31fae27af6b22cff1708f830a1ed7353be4d1019bb9f584e", size = 84524 }
wheels = [
    { url = "https://files.pythonhosted.org/packages/1e/37/17c8f0e7481a32f21b9002dd68912a8813f2c1d77b984e00af56eb9ae31b/pendulum-3.0.0-cp312-cp312-macosx_10_12_x86_64.whl", hash = "sha256:409e64e41418c49f973d43a28afe5df1df4f1dd87c41c7c90f1a63f61ae0f1f7", size = 362284 },
    { url = "https://files.pythonhosted.org/packages/12/e6/08f462f6ea87e2159f19b43ff88231d26e02bda31c10bcb29290a617ace4/pendulum-3.0.0-cp312-cp312-macosx_11_0_arm64.whl", hash = "sha256:a38ad2121c5ec7c4c190c7334e789c3b4624798859156b138fcc4d92295835dc", size = 352964 },
    { url = "https://files.pythonhosted.org/packages/47/29/b6877f6b53b91356c2c56d19ddab17b165ca994ad1e57b32c089e79f3fb5/pendulum-3.0.0-cp312-cp312-manylinux_2_17_aarch64.manylinux2014_aarch64.whl", hash = "sha256:fde4d0b2024b9785f66b7f30ed59281bd60d63d9213cda0eb0910ead777f6d37", size = 335848 },
    { url = "https://files.pythonhosted.org/packages/2b/77/62ca666f30b2558342deadda26290a575459a7b59248ea1e978b84175227/pendulum-3.0.0-cp312-cp312-manylinux_2_17_ppc64le.manylinux2014_ppc64le.whl", hash = "sha256:4b2c5675769fb6d4c11238132962939b960fcb365436b6d623c5864287faa319", size = 362215 },
    { url = "https://files.pythonhosted.org/packages/e0/29/ce37593f5ea51862c60dadf4e863d604f954478b3abbcc60a14dc05e242c/pendulum-3.0.0-cp312-cp312-manylinux_2_17_s390x.manylinux2014_s390x.whl", hash = "sha256:8af95e03e066826f0f4c65811cbee1b3123d4a45a1c3a2b4fc23c4b0dff893b5", size = 448673 },
    { url = "https://files.pythonhosted.org/packages/72/6a/68a8c7b8f1977d89aabfd0e2becb0921e5515dfb365097e98a522334a151/pendulum-3.0.0-cp312-cp312-manylinux_2_17_x86_64.manylinux2014_x86_64.whl", hash = "sha256:2165a8f33cb15e06c67070b8afc87a62b85c5a273e3aaa6bc9d15c93a4920d6f", size = 384891 },
    { url = "https://files.pythonhosted.org/packages/30/e6/edd699300f47a3c53c0d8ed26e905b9a31057c3646211e58cc540716a440/pendulum-3.0.0-cp312-cp312-musllinux_1_1_aarch64.whl", hash = "sha256:ad5e65b874b5e56bd942546ea7ba9dd1d6a25121db1c517700f1c9de91b28518", size = 559558 },
    { url = "https://files.pythonhosted.org/packages/d4/97/95a44aa5e1763d3a966551ed0e12f56508d8dfcc60e1f0395909b6a08626/pendulum-3.0.0-cp312-cp312-musllinux_1_1_x86_64.whl", hash = "sha256:17fe4b2c844bbf5f0ece69cfd959fa02957c61317b2161763950d88fed8e13b9", size = 558240 },
    { url = "https://files.pythonhosted.org/packages/9a/91/fcd992eb36b77ab43f2cf44307b72c01a6fbb27f55c1bb2d4af30e9a6cb7/pendulum-3.0.0-cp312-none-win_amd64.whl", hash = "sha256:78f8f4e7efe5066aca24a7a57511b9c2119f5c2b5eb81c46ff9222ce11e0a7a5", size = 293456 },
    { url = "https://files.pythonhosted.org/packages/3b/60/ba8aa296ca6d76603d58146b4a222cd99e7da33831158b8c00240a896a56/pendulum-3.0.0-cp312-none-win_arm64.whl", hash = "sha256:28f49d8d1e32aae9c284a90b6bb3873eee15ec6e1d9042edd611b22a94ac462f", size = 288054 },
]

[[package]]
name = "pycparser"
version = "2.22"
source = { registry = "https://pypi.org/simple" }
sdist = { url = "https://files.pythonhosted.org/packages/1d/b2/31537cf4b1ca988837256c910a668b553fceb8f069bedc4b1c826024b52c/pycparser-2.22.tar.gz", hash = "sha256:491c8be9c040f5390f5bf44a5b07752bd07f56edf992381b05c701439eec10f6", size = 172736 }
wheels = [
    { url = "https://files.pythonhosted.org/packages/13/a3/a812df4e2dd5696d1f351d58b8fe16a405b234ad2886a0dab9183fb78109/pycparser-2.22-py3-none-any.whl", hash = "sha256:c3702b6d3dd8c7abc1afa565d7e63d53a1d0bd86cdc24edd75470f4de499cfcc", size = 117552 },
]

[[package]]
name = "pygit2"
version = "1.13.0"
source = { registry = "https://pypi.org/simple" }
dependencies = [
    { name = "cffi" },
    { name = "setuptools" },
]
sdist = { url = "https://files.pythonhosted.org/packages/82/08/77f77ec32b6d1363082be00c572f970d2a6200abf42df6d6ca86b8cd30e3/pygit2-1.13.0.tar.gz", hash = "sha256:6dde37436fab14264ad3d6cbc5aae3fd555eb9a9680a7bfdd6e564cd77b5e2b8", size = 738850 }

[[package]]
name = "pymongo"
version = "4.11.2"
source = { registry = "https://pypi.org/simple" }
dependencies = [
    { name = "dnspython" },
]
sdist = { url = "https://files.pythonhosted.org/packages/12/2f/39971830e0a0574ad5b98952428f3f768fad2532eaa8c80e48ca967e5dbc/pymongo-4.11.2.tar.gz", hash = "sha256:d0ee3e0275f67bddcd83b2263818b7c4ae7af1ecafebe7eb7fd16389457ec210", size = 2054477 }
wheels = [
    { url = "https://files.pythonhosted.org/packages/88/20/5ae870cbda5bf2fb6b0d26f3a63114bf2f29ce557cd168534a4013ee9589/pymongo-4.11.2-cp312-cp312-macosx_10_13_x86_64.whl", hash = "sha256:b9955ddeffa7b236a985ed9c9ab87ca6c98eb02d7bd5034960f385fbfbdb54a0", size = 895322 },
    { url = "https://files.pythonhosted.org/packages/94/06/adade3e7bdbd9de16553d1eb39542583b373a84dbfa14e80ee3d997532f9/pymongo-4.11.2-cp312-cp312-macosx_11_0_arm64.whl", hash = "sha256:b94a9c22b31c158d254ba74ad41f928b0c3a208caac8d1436ddff711459b3cad", size = 895017 },
    { url = "https://files.pythonhosted.org/packages/76/7b/cc0391e3a017507c7d6c92bb74d17f2f529a713019383130eb34158b2932/pymongo-4.11.2-cp312-cp312-manylinux_2_17_aarch64.manylinux2014_aarch64.whl", hash = "sha256:d05014366bea8b6e403591f81f9ef03871bace4802dc7afe7a066836b2f64e50", size = 1673675 },
    { url = "https://files.pythonhosted.org/packages/46/c5/1aaf67fa0028d05be2759b630f192e7b1e8c6d1b44a9b48f584dd8146a20/pymongo-4.11.2-cp312-cp312-manylinux_2_17_ppc64le.manylinux2014_ppc64le.whl", hash = "sha256:bfbfabc46b1bb9253a3916e3c5c5112a0799d2b82bac789528acc579d7294508", size = 1737899 },
    { url = "https://files.pythonhosted.org/packages/9d/17/f64bd5840ee99b8df711b454777203fc772f22a3562f59a31e5b2b38e501/pymongo-4.11.2-cp312-cp312-manylinux_2_17_s390x.manylinux2014_s390x.whl", hash = "sha256:7bb3de24ec209c44b8b70196252f4294bbf61095747153b0deab358c7085764b", size = 1706933 },
    { url = "https://files.pythonhosted.org/packages/6e/a5/fb17dabc485d8e870da10ad775e0e702823dba457d373af61848a3d7a19b/pymongo-4.11.2-cp312-cp312-manylinux_2_17_x86_64.manylinux2014_x86_64.whl", hash = "sha256:e75c88f2a765005a3a93fb2367d11451efc90c3a288ade84c247621e3044ff64", size = 1676900 },
    { url = "https://files.pythonhosted.org/packages/19/88/3bffbee2932fef49b088f7b22402833e8a7449a62066f0890374e91da3c7/pymongo-4.11.2-cp312-cp312-manylinux_2_5_i686.manylinux1_i686.manylinux_2_17_i686.manylinux2014_i686.whl", hash = "sha256:13a395554584a50dec350f69df0dc240be11d2b59399f1371311d07bb18133b5", size = 1636024 },
    { url = "https://files.pythonhosted.org/packages/05/15/198a9f8619c3079c220e25cf67431ad6545d6982440c99da3b9f5772fb75/pymongo-4.11.2-cp312-cp312-win32.whl", hash = "sha256:d563d16a693c6e38180a54e2a07cb41111422e99267e46304cd6d616a3759d68", size = 863989 },
    { url = "https://files.pythonhosted.org/packages/fa/c0/c8b26a8e516b7765eac3e82174794225e830954276c8e3d92f0f4a9f9428/pymongo-4.11.2-cp312-cp312-win_amd64.whl", hash = "sha256:9609849dfd00f2c2e3d17403cdce1a0d81494dc5a4d602d6584a0326be0d46c9", size = 882245 },
    { url = "https://files.pythonhosted.org/packages/ca/d7/46ab363149a1ed80534f7f64896e3547a7475cade8f8eaa69fc8e81be424/pymongo-4.11.2-cp313-cp313-macosx_10_13_x86_64.whl", hash = "sha256:587328d77d03d380342290d6494df6e7becca25c0621c3ad0be41e3ae751540d", size = 949576 },
    { url = "https://files.pythonhosted.org/packages/85/f7/6395948234b80ed52dd733135da09415c9d179edad93fd6cfa189db1f849/pymongo-4.11.2-cp313-cp313-macosx_11_0_arm64.whl", hash = "sha256:57474d83511292e06f2da585fd3a6cb013d1cba6173df30b3658efb46f74d579", size = 949252 },
    { url = "https://files.pythonhosted.org/packages/53/81/93b0e2acf8e58f323656f2c1b72224eb0230e0b2cd87ec630d1e2ca17729/pymongo-4.11.2-cp313-cp313-manylinux_2_17_aarch64.manylinux2014_aarch64.whl", hash = "sha256:29fc4707d5f3918c6ee39250439ff41a70d96dc91ae5bfbc1a74bc204775cb82", size = 1937568 },
    { url = "https://files.pythonhosted.org/packages/9f/cd/4684821a803f25c72cfc6b816228e6e16aa07c95bd7532e4e095505be271/pymongo-4.11.2-cp313-cp313-manylinux_2_17_ppc64le.manylinux2014_ppc64le.whl", hash = "sha256:0734940f9f347904796a98481fb4100859f121017e68b756e7426b66d8b2e176", size = 2014993 },
    { url = "https://files.pythonhosted.org/packages/b5/5c/c7656256f9806bd8008431d7771157353726605ec0c29a461f59fb26439c/pymongo-4.11.2-cp313-cp313-manylinux_2_17_s390x.manylinux2014_s390x.whl", hash = "sha256:63239e2466d8324564cb4725c12fdd2be0ddfa7d250b4d0e41a47cd269c4cc1c", size = 1978669 },
    { url = "https://files.pythonhosted.org/packages/c6/08/cc0ce82c611d71e7c90a81860880a9160bc91c9f748891b8b84d0766b920/pymongo-4.11.2-cp313-cp313-manylinux_2_17_x86_64.manylinux2014_x86_64.whl", hash = "sha256:164865b78bd9e0ec6fdbe2ee58fc1a33666f32f8c455af3c9897c5c58c7b3d00", size = 1939478 },
    { url = "https://files.pythonhosted.org/packages/b0/17/dc8df4d8b461289fa427cce9c7df1afbe6ac22ec95a3c7c87cdfb3427c8d/pymongo-4.11.2-cp313-cp313-manylinux_2_5_i686.manylinux1_i686.manylinux_2_17_i686.manylinux2014_i686.whl", hash = "sha256:fbbc3ba041cf2e3f1f4eac293af15ce91cfbac68540f6b3733b834ad768aa319", size = 1888912 },
    { url = "https://files.pythonhosted.org/packages/a5/51/aae2d3572d99aa1a7dcc649bc9e621933f75a905ca18825550d83e7e053e/pymongo-4.11.2-cp313-cp313-win32.whl", hash = "sha256:5da59332ec88ea662c4a9a99f84b322ed6b9d2999bfb947e186936ccae3941be", size = 910331 },
    { url = "https://files.pythonhosted.org/packages/12/22/c01cbe03e05caa960799dee8d3141fbc04f89d28d4ce100a4b9e2a513e68/pymongo-4.11.2-cp313-cp313-win_amd64.whl", hash = "sha256:a4ba602980f43aa9998b0b8e77fd907cec9c7a845c385dc4e08a8b5716d2a85f", size = 932887 },
    { url = "https://files.pythonhosted.org/packages/5c/6f/4d96a522faff16553ca3802a1c193a2b482333ec890ca54872e0cd7669a0/pymongo-4.11.2-cp313-cp313t-macosx_10_13_x86_64.whl", hash = "sha256:77c7edf2dc7f0e46a66f440a0d291ae76533a2ead308d176681745b334d714a9", size = 1006091 },
    { url = "https://files.pythonhosted.org/packages/43/28/6e5fec4d75db5749a5b0012c6db5689d8eb76651950efef163a950a106b5/pymongo-4.11.2-cp313-cp313t-macosx_11_0_arm64.whl", hash = "sha256:7f98a4493a221ee5330dad1721181731f122b7492caac7f56cf7d0a695c88ee2", size = 1006083 },
    { url = "https://files.pythonhosted.org/packages/1e/b8/9e4c0de3e5d20e51a2127b9804112a84e0f57a53f2a59bd147c605966d09/pymongo-4.11.2-cp313-cp313t-manylinux_2_17_aarch64.manylinux2014_aarch64.whl", hash = "sha256:f28d42f9f6d8a5ae05a62401a9cb7c44c5d448dc58299a0ce657084d070ea5f6", size = 2266270 },
    { url = "https://files.pythonhosted.org/packages/60/e2/42554752b8027929cd3ada2b82251521c8347e68a809cda846e310127ac1/pymongo-4.11.2-cp313-cp313t-manylinux_2_17_ppc64le.manylinux2014_ppc64le.whl", hash = "sha256:5a1cfff63667179d4f165124af5843cfd865bc1e774a2bd76fc56592c5dfe5fa", size = 2353490 },
    { url = "https://files.pythonhosted.org/packages/8b/33/99c547a2387432ca63740eafa6a6bef12877838f54291e5a9b11d54737c3/pymongo-4.11.2-cp313-cp313t-manylinux_2_17_s390x.manylinux2014_s390x.whl", hash = "sha256:5c012d44b841320148095b59e246cc0c8891f3ca125dcfa3cc9d89dc1573948b", size = 2312363 },
    { url = "https://files.pythonhosted.org/packages/83/7b/ef46f621a0b6fd667e45255689d64a7cbfde7e0e0cbfaaac3542ec4546a0/pymongo-4.11.2-cp313-cp313t-manylinux_2_17_x86_64.manylinux2014_x86_64.whl", hash = "sha256:c3410b5ee877430a99ed29b0e2bad8827015d313bbef19dbdba4f470049258d1", size = 2263660 },
    { url = "https://files.pythonhosted.org/packages/02/f0/805f281bdf342c9768845ef46aa913a3e41c81ca858f7e9389f8b80b570f/pymongo-4.11.2-cp313-cp313t-manylinux_2_5_i686.manylinux1_i686.manylinux_2_17_i686.manylinux2014_i686.whl", hash = "sha256:36f9a3276dfb28b526eb5ca9511b627788cea6c4c8783a0dc609be1999b3506e", size = 2202677 },
    { url = "https://files.pythonhosted.org/packages/4c/68/7d7608673d9d5a267b6f8972875762796fc0ca88c51e8c5a446384b6b146/pymongo-4.11.2-cp313-cp313t-win32.whl", hash = "sha256:e04a102ccb4c9f5a6b06108aa5fc26bfe77c18747bf5b0fbd5f4a3a4298ddb53", size = 959216 },
    { url = "https://files.pythonhosted.org/packages/45/32/2dab202425df1329614d4d43cdfb0532b34bf337dd7dfe5f6b6837ed2858/pymongo-4.11.2-cp313-cp313t-win_amd64.whl", hash = "sha256:54e24645ceeddaa3224909f073e2695ff3e5c393a82c1e16cd46236d2681651f", size = 987812 },
]

[[package]]
name = "python-dateutil"
version = "2.9.0.post0"
source = { registry = "https://pypi.org/simple" }
dependencies = [
    { name = "six" },
]
sdist = { url = "https://files.pythonhosted.org/packages/66/c0/0c8b6ad9f17a802ee498c46e004a0eb49bc148f2fd230864601a86dcf6db/python-dateutil-2.9.0.post0.tar.gz", hash = "sha256:37dd54208da7e1cd875388217d5e00ebd4179249f90fb72437e91a35459a0ad3", size = 342432 }
wheels = [
    { url = "https://files.pythonhosted.org/packages/ec/57/56b9bcc3c9c6a792fcbaf139543cee77261f3651ca9da0c93f5c1221264b/python_dateutil-2.9.0.post0-py2.py3-none-any.whl", hash = "sha256:a8b2bc7bffae282281c8140a97d3aa9c14da0b136dfe83f850eea9a5f7470427", size = 229892 },
]

[[package]]
name = "python-dotenv"
version = "1.0.1"
source = { registry = "https://pypi.org/simple" }
sdist = { url = "https://files.pythonhosted.org/packages/bc/57/e84d88dfe0aec03b7a2d4327012c1627ab5f03652216c63d49846d7a6c58/python-dotenv-1.0.1.tar.gz", hash = "sha256:e324ee90a023d808f1959c46bcbc04446a10ced277783dc6ee09987c37ec10ca", size = 39115 }
wheels = [
    { url = "https://files.pythonhosted.org/packages/6a/3e/b68c118422ec867fa7ab88444e1274aa40681c606d59ac27de5a5588f082/python_dotenv-1.0.1-py3-none-any.whl", hash = "sha256:f7b63ef50f1b690dddf550d03497b66d609393b40b564ed0d674909a68ebf16a", size = 19863 },
]

[[package]]
name = "readchar"
version = "4.2.1"
source = { registry = "https://pypi.org/simple" }
sdist = { url = "https://files.pythonhosted.org/packages/dd/f8/8657b8cbb4ebeabfbdf991ac40eca8a1d1bd012011bd44ad1ed10f5cb494/readchar-4.2.1.tar.gz", hash = "sha256:91ce3faf07688de14d800592951e5575e9c7a3213738ed01d394dcc949b79adb", size = 9685 }
wheels = [
    { url = "https://files.pythonhosted.org/packages/a9/10/e4b1e0e5b6b6745c8098c275b69bc9d73e9542d5c7da4f137542b499ed44/readchar-4.2.1-py3-none-any.whl", hash = "sha256:a769305cd3994bb5fa2764aa4073452dc105a4ec39068ffe6efd3c20c60acc77", size = 9350 },
]

[[package]]
name = "runs"
version = "1.2.2"
source = { registry = "https://pypi.org/simple" }
dependencies = [
    { name = "xmod" },
]
sdist = { url = "https://files.pythonhosted.org/packages/26/6d/b9aace390f62db5d7d2c77eafce3d42774f27f1829d24fa9b6f598b3ef71/runs-1.2.2.tar.gz", hash = "sha256:9dc1815e2895cfb3a48317b173b9f1eac9ba5549b36a847b5cc60c3bf82ecef1", size = 5474 }
wheels = [
    { url = "https://files.pythonhosted.org/packages/86/d6/17caf2e4af1dec288477a0cbbe4a96fbc9b8a28457dce3f1f452630ce216/runs-1.2.2-py3-none-any.whl", hash = "sha256:0980dcbc25aba1505f307ac4f0e9e92cbd0be2a15a1e983ee86c24c87b839dfd", size = 7033 },
]

[[package]]
name = "setuptools"
version = "76.0.0"
source = { registry = "https://pypi.org/simple" }
sdist = { url = "https://files.pythonhosted.org/packages/32/d2/7b171caf085ba0d40d8391f54e1c75a1cda9255f542becf84575cfd8a732/setuptools-76.0.0.tar.gz", hash = "sha256:43b4ee60e10b0d0ee98ad11918e114c70701bc6051662a9a675a0496c1a158f4", size = 1349387 }
wheels = [
    { url = "https://files.pythonhosted.org/packages/37/66/d2d7e6ad554f3a7c7297c3f8ef6e22643ad3d35ef5c63bf488bc89f32f31/setuptools-76.0.0-py3-none-any.whl", hash = "sha256:199466a166ff664970d0ee145839f5582cb9bca7a0a3a2e795b6a9cb2308e9c6", size = 1236106 },
]

[[package]]
name = "six"
version = "1.17.0"
source = { registry = "https://pypi.org/simple" }
sdist = { url = "https://files.pythonhosted.org/packages/94/e7/b2c673351809dca68a0e064b6af791aa332cf192da575fd474ed7d6f16a2/six-1.17.0.tar.gz", hash = "sha256:ff70335d468e7eb6ec65b95b99d3a2836546063f63acc5171de367e834932a81", size = 34031 }
wheels = [
    { url = "https://files.pythonhosted.org/packages/b7/ce/149a00dd41f10bc29e5921b496af8b574d8413afcd5e30dfa0ed46c2cc5e/six-1.17.0-py2.py3-none-any.whl", hash = "sha256:4721f391ed90541fddacab5acf947aa0d3dc7d27b2e1e8eda2be8970586c3274", size = 11050 },
]

[[package]]
name = "time-machine"
version = "2.16.0"
source = { registry = "https://pypi.org/simple" }
dependencies = [
    { name = "python-dateutil" },
]
sdist = { url = "https://files.pythonhosted.org/packages/fb/dd/5022939b9cadefe3af04f4012186c29b8afbe858b1ec2cfa38baeec94dab/time_machine-2.16.0.tar.gz", hash = "sha256:4a99acc273d2f98add23a89b94d4dd9e14969c01214c8514bfa78e4e9364c7e2", size = 24626 }
wheels = [
    { url = "https://files.pythonhosted.org/packages/4a/f4/603a84e7ae6427a53953db9f61b689dc6adf233e03c5f5ca907a901452fd/time_machine-2.16.0-cp312-cp312-macosx_10_9_universal2.whl", hash = "sha256:84788f4d62a8b1bf5e499bb9b0e23ceceea21c415ad6030be6267ce3d639842f", size = 20155 },
    { url = "https://files.pythonhosted.org/packages/d8/94/dbe69aecb4b84be52d34814e63176c5ca61f38ee9e6ecda11104653405b5/time_machine-2.16.0-cp312-cp312-macosx_10_9_x86_64.whl", hash = "sha256:15ec236b6571730236a193d9d6c11d472432fc6ab54e85eac1c16d98ddcd71bf", size = 16640 },
    { url = "https://files.pythonhosted.org/packages/da/13/27f11be25d7bd298e033b9da93217e5b68309bf724b6e494cdadb471d00d/time_machine-2.16.0-cp312-cp312-manylinux_2_17_aarch64.manylinux2014_aarch64.whl", hash = "sha256:cedc989717c8b44a3881ac3d68ab5a95820448796c550de6a2149ed1525157f0", size = 33721 },
    { url = "https://files.pythonhosted.org/packages/e6/9d/70e4640fed1fd8122204ae825c688d0ef8c04f515ec6bf3c5f3086d6510e/time_machine-2.16.0-cp312-cp312-manylinux_2_5_i686.manylinux1_i686.manylinux_2_17_i686.manylinux2014_i686.whl", hash = "sha256:9d26d79de1c63a8c6586c75967e09b0ff306aa7e944a1eaddb74595c9b1839ca", size = 31646 },
    { url = "https://files.pythonhosted.org/packages/a1/cb/93bc0e51bea4e171a85151dbba3c3b3f612b50b953cd3076f5b4f0db9e14/time_machine-2.16.0-cp312-cp312-manylinux_2_5_x86_64.manylinux1_x86_64.manylinux_2_17_x86_64.manylinux2014_x86_64.whl", hash = "sha256:317b68b56a9c3731e0cf8886e0f94230727159e375988b36c60edce0ddbcb44a", size = 33403 },
    { url = "https://files.pythonhosted.org/packages/89/71/2c6a63ad4fbce3d62d46bbd9ac4433f30bade7f25978ce00815b905bcfcf/time_machine-2.16.0-cp312-cp312-musllinux_1_2_aarch64.whl", hash = "sha256:43e1e18279759897be3293a255d53e6b1cb0364b69d9591d0b80c51e461c94b0", size = 33327 },
    { url = "https://files.pythonhosted.org/packages/68/4e/205c2b26763b8817cd6b8868242843800a1fbf275f2af35f5ba35ff2b01a/time_machine-2.16.0-cp312-cp312-musllinux_1_2_i686.whl", hash = "sha256:e43adb22def972a29d2b147999b56897116085777a0fea182fd93ee45730611e", size = 31454 },
    { url = "https://files.pythonhosted.org/packages/d7/95/44c1aa3994919f93534244c40cfd2fb9416d7686dc0c8b9b262c751b5118/time_machine-2.16.0-cp312-cp312-musllinux_1_2_x86_64.whl", hash = "sha256:0c766bea27a0600e36806d628ebc4b47178b12fcdfb6c24dc0a566a9c06bfe7f", size = 32972 },
    { url = "https://files.pythonhosted.org/packages/d4/ee/75243df9c7cf30f108758e887141a58e6544baaa46e2e647b9ccc56db819/time_machine-2.16.0-cp312-cp312-win32.whl", hash = "sha256:6dae82ab647d107817e013db82223e20a9853fa88543fec853ae326382d03c2e", size = 19078 },
    { url = "https://files.pythonhosted.org/packages/d4/7c/d4e67cc031f9653c92167ccf87d241e3208653d191c96ac79281c273ab92/time_machine-2.16.0-cp312-cp312-win_amd64.whl", hash = "sha256:265462c77dc9576267c3c7f20707780a171a9fdbac93ac22e608c309efd68c33", size = 19923 },
    { url = "https://files.pythonhosted.org/packages/aa/b6/7047226fcb9afefe47fc80f605530535bf71ad99b6797f057abbfa4cd9a5/time_machine-2.16.0-cp312-cp312-win_arm64.whl", hash = "sha256:ef768e14768eebe3bb1196c0dece8e14c1c6991605721214a0c3c68cf77eb216", size = 18003 },
    { url = "https://files.pythonhosted.org/packages/a6/18/3087d0eb185cedbc82385f46bf16032ec7102a0e070205a2c88c4ecf9952/time_machine-2.16.0-cp313-cp313-macosx_10_13_universal2.whl", hash = "sha256:7751bf745d54e9e8b358c0afa332815da9b8a6194b26d0fd62876ab6c4d5c9c0", size = 20209 },
    { url = "https://files.pythonhosted.org/packages/03/a3/fcc3eaf69390402ecf491d718e533b6d0e06d944d77fc8d87be3a2839102/time_machine-2.16.0-cp313-cp313-macosx_10_13_x86_64.whl", hash = "sha256:1784edf173ca840ba154de6eed000b5727f65ab92972c2f88cec5c4d6349c5f2", size = 16681 },
    { url = "https://files.pythonhosted.org/packages/a2/96/8b76d264014bf9dc21873218de50d67223c71736f87fe6c65e582f7c29ac/time_machine-2.16.0-cp313-cp313-manylinux_2_17_aarch64.manylinux2014_aarch64.whl", hash = "sha256:2f5876a5682ce1f517e55d7ace2383432627889f6f7e338b961f99d684fd9e8d", size = 33768 },
    { url = "https://files.pythonhosted.org/packages/5c/13/59ae8259be02b6c657ef6e3b6952bf274b43849f6f35cc61a576c68ce301/time_machine-2.16.0-cp313-cp313-manylinux_2_5_i686.manylinux1_i686.manylinux_2_17_i686.manylinux2014_i686.whl", hash = "sha256:806672529a2e255cd901f244c9033767dc1fa53466d0d3e3e49565a1572a64fe", size = 31685 },
    { url = "https://files.pythonhosted.org/packages/3e/c1/9f142beb4d373a2a01ebb58d5117289315baa5131d880ec804db49e94bf7/time_machine-2.16.0-cp313-cp313-manylinux_2_5_x86_64.manylinux1_x86_64.manylinux_2_17_x86_64.manylinux2014_x86_64.whl", hash = "sha256:667b150fedb54acdca2a4bea5bf6da837b43e6dd12857301b48191f8803ba93f", size = 33447 },
    { url = "https://files.pythonhosted.org/packages/95/f7/ed9ecd93c2d38dca77d0a28e070020f3ce0fb23e0d4a6edb14bcfffa5526/time_machine-2.16.0-cp313-cp313-musllinux_1_2_aarch64.whl", hash = "sha256:da3ae1028af240c0c46c79adf9c1acffecc6ed1701f2863b8132f5ceae6ae4b5", size = 33408 },
    { url = "https://files.pythonhosted.org/packages/91/40/d0d274d70fa2c4cad531745deb8c81346365beb0a2736be05a3acde8b94a/time_machine-2.16.0-cp313-cp313-musllinux_1_2_i686.whl", hash = "sha256:520a814ea1b2706c89ab260a54023033d3015abef25c77873b83e3d7c1fafbb2", size = 31526 },
    { url = "https://files.pythonhosted.org/packages/1d/ba/a27cdbb324d9a6d779cde0d514d47b696b5a6a653705d4b511fd65ef1514/time_machine-2.16.0-cp313-cp313-musllinux_1_2_x86_64.whl", hash = "sha256:8243664438bb468408b29c6865958662d75e51f79c91842d2794fa22629eb697", size = 33042 },
    { url = "https://files.pythonhosted.org/packages/72/63/64e9156c9e38c18720d0cc41378168635241de44013ffe3dd5b099447eb0/time_machine-2.16.0-cp313-cp313-win32.whl", hash = "sha256:32d445ce20d25c60ab92153c073942b0bac9815bfbfd152ce3dcc225d15ce988", size = 19108 },
    { url = "https://files.pythonhosted.org/packages/3d/40/27f5738fbd50b78dcc0682c14417eac5a49ccf430525dd0c5a058be125a2/time_machine-2.16.0-cp313-cp313-win_amd64.whl", hash = "sha256:f6927dda86425f97ffda36131f297b1a601c64a6ee6838bfa0e6d3149c2f0d9f", size = 19935 },
    { url = "https://files.pythonhosted.org/packages/35/75/c4d8b2f0fe7dac22854d88a9c509d428e78ac4bf284bc54cfe83f75cc13b/time_machine-2.16.0-cp313-cp313-win_arm64.whl", hash = "sha256:4d3843143c46dddca6491a954bbd0abfd435681512ac343169560e9bab504129", size = 18047 },
]

[[package]]
name = "tzdata"
version = "2025.1"
source = { registry = "https://pypi.org/simple" }
sdist = { url = "https://files.pythonhosted.org/packages/43/0f/fa4723f22942480be4ca9527bbde8d43f6c3f2fe8412f00e7f5f6746bc8b/tzdata-2025.1.tar.gz", hash = "sha256:24894909e88cdb28bd1636c6887801df64cb485bd593f2fd83ef29075a81d694", size = 194950 }
wheels = [
    { url = "https://files.pythonhosted.org/packages/0f/dd/84f10e23edd882c6f968c21c2434fe67bd4a528967067515feca9e611e5e/tzdata-2025.1-py2.py3-none-any.whl", hash = "sha256:7e127113816800496f027041c570f50bcd464a020098a3b6b199517772303639", size = 346762 },
]

[[package]]
name = "wcwidth"
version = "0.2.13"
source = { registry = "https://pypi.org/simple" }
sdist = { url = "https://files.pythonhosted.org/packages/6c/63/53559446a878410fc5a5974feb13d31d78d752eb18aeba59c7fef1af7598/wcwidth-0.2.13.tar.gz", hash = "sha256:72ea0c06399eb286d978fdedb6923a9eb47e1c486ce63e9b4e64fc18303972b5", size = 101301 }
wheels = [
    { url = "https://files.pythonhosted.org/packages/fd/84/fd2ba7aafacbad3c4201d395674fc6348826569da3c0937e75505ead3528/wcwidth-0.2.13-py2.py3-none-any.whl", hash = "sha256:3da69048e4540d84af32131829ff948f1e022c1c6bdb8d6102117aac784f6859", size = 34166 },
]

[[package]]
name = "win32-setctime"
version = "1.2.0"
source = { registry = "https://pypi.org/simple" }
sdist = { url = "https://files.pythonhosted.org/packages/b3/8f/705086c9d734d3b663af0e9bb3d4de6578d08f46b1b101c2442fd9aecaa2/win32_setctime-1.2.0.tar.gz", hash = "sha256:ae1fdf948f5640aae05c511ade119313fb6a30d7eabe25fef9764dca5873c4c0", size = 4867 }
wheels = [
    { url = "https://files.pythonhosted.org/packages/e1/07/c6fe3ad3e685340704d314d765b7912993bcb8dc198f0e7a89382d37974b/win32_setctime-1.2.0-py3-none-any.whl", hash = "sha256:95d644c4e708aba81dc3704a116d8cbc974d70b3bdb8be1d150e36be6e9d1390", size = 4083 },
]

[[package]]
name = "xmod"
version = "1.8.1"
source = { registry = "https://pypi.org/simple" }
sdist = { url = "https://files.pythonhosted.org/packages/72/b2/e3edc608823348e628a919e1d7129e641997afadd946febdd704aecc5881/xmod-1.8.1.tar.gz", hash = "sha256:38c76486b9d672c546d57d8035df0beb7f4a9b088bc3fb2de5431ae821444377", size = 3988 }
wheels = [
    { url = "https://files.pythonhosted.org/packages/33/6b/0dc75b64a764ea1cb8e4c32d1fb273c147304d4e5483cd58be482dc62e45/xmod-1.8.1-py3-none-any.whl", hash = "sha256:a24e9458a4853489042522bdca9e50ee2eac5ab75c809a91150a8a7f40670d48", size = 4610 },
]
